schema: '2.0'
stages:
  prepare:
    cmd: python src/prepare.py
    deps:
    - path: data/raw
      hash: md5
      md5: 6d310d6658f08b230932dbd8c987330e.dir
      size: 423032274
      nfiles: 5003
    - path: src/prepare.py
      hash: md5
      md5: 750cf63edbdf095731faa755c3050751
      size: 4638
    outs:
    - path: data/prepared/test.csv
      hash: md5
      md5: 17203f33f126de0debf51f9d14f48fa4
      size: 69686
    - path: data/prepared/train.csv
      hash: md5
      md5: e85753e603edcef467e1e05c2fac98ce
      size: 303954
  train:
    cmd: python src/train.py
    deps:
    - path: data/prepared/train.csv
      hash: md5
      md5: e85753e603edcef467e1e05c2fac98ce
      size: 303954
    - path: data/raw
      hash: md5
      md5: 6d310d6658f08b230932dbd8c987330e.dir
      size: 423032274
      nfiles: 5003
    - path: src/loadData.py
      hash: md5
      md5: 1e525c6b80bcb69dd4143f1db97bf231
      size: 1165
    - path: src/train.py
      hash: md5
      md5: ed549432ec8ea63a862c086b1d677433
      size: 859
    outs:
    - path: model/model.joblib
      hash: md5
      md5: ca412d4fac9df791b5c486da78456e09
      size: 241155
  evaluate:
    cmd: python src/evaluate.py
    deps:
    - path: model/model.joblib
      hash: md5
      md5: ca412d4fac9df791b5c486da78456e09
      size: 241155
    - path: src/evaluate.py
      hash: md5
      md5: 3c8ab865befc997d6e24ce4189585ab2
      size: 646
    - path: src/loadData.py
      hash: md5
      md5: 1e525c6b80bcb69dd4143f1db97bf231
      size: 1165
    outs:
    - path: metrics/accuracy.json
      hash: md5
      md5: 4c41aab47d5092de2dd0a8672d5a6f70
      size: 19
